// !$*UTF8*$!
{
	archiveVersion = 1;
	classes = {
	};
	objectVersion = 54;
	objects = {

/* Begin PBXBuildFile section */
		550F68DB2655F555003F2808 /* README.md in Resources */ = {isa = PBXBuildFile; fileRef = 550F68DA2655F555003F2808 /* README.md */; };
		551C19CB261253B000530422 /* LICENSE2.txt in Resources */ = {isa = PBXBuildFile; fileRef = 551C19CA261253B000530422 /* LICENSE2.txt */; };
		552BC6AF281C795E008EC27F /* ARSUIViewHandTracking3D.swift in Sources */ = {isa = PBXBuildFile; fileRef = 552BC6AE281C795E008EC27F /* ARSUIViewHandTracking3D.swift */; };
		553CCE78265469030073BA98 /* ARSUIViewHandTracking2D.swift in Sources */ = {isa = PBXBuildFile; fileRef = 553CCE77265469030073BA98 /* ARSUIViewHandTracking2D.swift */; };
		555EDE2E2A1E7F98008A58E6 /* LICENSE3.txt in Resources */ = {isa = PBXBuildFile; fileRef = 555EDE2D2A1E7F98008A58E6 /* LICENSE3.txt */; };
		555EDE332A1E8031008A58E6 /* BodyTracking in Frameworks */ = {isa = PBXBuildFile; productRef = 555EDE322A1E8031008A58E6 /* BodyTracking */; };
		55600DCC263E893900D0D54E /* ARSUIViewBodyTrackedEntity.swift in Sources */ = {isa = PBXBuildFile; fileRef = 55600DCB263E893900D0D54E /* ARSUIViewBodyTrackedEntity.swift */; };
		55600DCF263E8BB700D0D54E /* robotWhite.usdz in Resources */ = {isa = PBXBuildFile; fileRef = 55600DCE263E8BB700D0D54E /* robotWhite.usdz */; };
		55AA52022762C05600C9D0A8 /* LICENSE.md in Resources */ = {isa = PBXBuildFile; fileRef = 55AA52012762C05600C9D0A8 /* LICENSE.md */; };
		55AE082A264C2DB800227F35 /* ARSUIViewPersonSegmentation.swift in Sources */ = {isa = PBXBuildFile; fileRef = 55AE0829264C2DB800227F35 /* ARSUIViewPersonSegmentation.swift */; };
		55AE082D264C2DCE00227F35 /* BodyARView.swift in Sources */ = {isa = PBXBuildFile; fileRef = 55AE082C264C2DCE00227F35 /* BodyARView.swift */; };
		55AFF6642612798200D05AE3 /* ARSUIView2D.swift in Sources */ = {isa = PBXBuildFile; fileRef = 55AFF6632612798200D05AE3 /* ARSUIView2D.swift */; };
		55BF5951261263B300E08319 /* LICENSE1.txt in Resources */ = {isa = PBXBuildFile; fileRef = 55BF5950261263B300E08319 /* LICENSE1.txt */; };
		55BFE69C25D2268B00E2BB8C /* Model.swift in Sources */ = {isa = PBXBuildFile; fileRef = 55BFE69325D2268B00E2BB8C /* Model.swift */; };
		55BFE69D25D2268B00E2BB8C /* Assets.xcassets in Resources */ = {isa = PBXBuildFile; fileRef = 55BFE69425D2268B00E2BB8C /* Assets.xcassets */; };
		55BFE69E25D2268B00E2BB8C /* Preview Assets.xcassets in Resources */ = {isa = PBXBuildFile; fileRef = 55BFE69625D2268B00E2BB8C /* Preview Assets.xcassets */; };
		55BFE6A025D2268B00E2BB8C /* ARSUIView3D.swift in Sources */ = {isa = PBXBuildFile; fileRef = 55BFE69825D2268B00E2BB8C /* ARSUIView3D.swift */; };
		55BFE6A125D2268B00E2BB8C /* AppDelegate.swift in Sources */ = {isa = PBXBuildFile; fileRef = 55BFE69925D2268B00E2BB8C /* AppDelegate.swift */; };
		55BFE6A225D2268B00E2BB8C /* ContentView.swift in Sources */ = {isa = PBXBuildFile; fileRef = 55BFE69A25D2268B00E2BB8C /* ContentView.swift */; };
		55DFE044265480EC001A951B /* ARSUIViewFace.swift in Sources */ = {isa = PBXBuildFile; fileRef = 55DFE043265480EC001A951B /* ARSUIViewFace.swift */; };
/* End PBXBuildFile section */

/* Begin PBXFileReference section */
		550F68DA2655F555003F2808 /* README.md */ = {isa = PBXFileReference; fileEncoding = 4; lastKnownFileType = net.daringfireball.markdown; name = README.md; path = ../../README.md; sourceTree = "<group>"; };
		551C19CA261253B000530422 /* LICENSE2.txt */ = {isa = PBXFileReference; fileEncoding = 4; lastKnownFileType = text; path = LICENSE2.txt; sourceTree = "<group>"; };
		552BC6AE281C795E008EC27F /* ARSUIViewHandTracking3D.swift */ = {isa = PBXFileReference; lastKnownFileType = sourcecode.swift; path = ARSUIViewHandTracking3D.swift; sourceTree = "<group>"; };
		553CCE77265469030073BA98 /* ARSUIViewHandTracking2D.swift */ = {isa = PBXFileReference; fileEncoding = 4; lastKnownFileType = sourcecode.swift; path = ARSUIViewHandTracking2D.swift; sourceTree = "<group>"; };
		555EDE2D2A1E7F98008A58E6 /* LICENSE3.txt */ = {isa = PBXFileReference; fileEncoding = 4; lastKnownFileType = text; path = LICENSE3.txt; sourceTree = "<group>"; };
		555EDE302A1E7FC7008A58E6 /* BodyTracking */ = {isa = PBXFileReference; lastKnownFileType = wrapper; name = BodyTracking; path = ..; sourceTree = "<group>"; };
		55600DCB263E893900D0D54E /* ARSUIViewBodyTrackedEntity.swift */ = {isa = PBXFileReference; lastKnownFileType = sourcecode.swift; path = ARSUIViewBodyTrackedEntity.swift; sourceTree = "<group>"; };
		55600DCE263E8BB700D0D54E /* robotWhite.usdz */ = {isa = PBXFileReference; lastKnownFileType = file.usdz; path = robotWhite.usdz; sourceTree = "<group>"; };
		55AA52012762C05600C9D0A8 /* LICENSE.md */ = {isa = PBXFileReference; fileEncoding = 4; lastKnownFileType = net.daringfireball.markdown; name = LICENSE.md; path = ../LICENSE.md; sourceTree = "<group>"; };
		55AE0829264C2DB800227F35 /* ARSUIViewPersonSegmentation.swift */ = {isa = PBXFileReference; fileEncoding = 4; lastKnownFileType = sourcecode.swift; path = ARSUIViewPersonSegmentation.swift; sourceTree = "<group>"; };
		55AE082C264C2DCE00227F35 /* BodyARView.swift */ = {isa = PBXFileReference; lastKnownFileType = sourcecode.swift; path = BodyARView.swift; sourceTree = "<group>"; };
		55AFF6632612798200D05AE3 /* ARSUIView2D.swift */ = {isa = PBXFileReference; fileEncoding = 4; lastKnownFileType = sourcecode.swift; path = ARSUIView2D.swift; sourceTree = "<group>"; };
		55BF5950261263B300E08319 /* LICENSE1.txt */ = {isa = PBXFileReference; fileEncoding = 4; lastKnownFileType = text; path = LICENSE1.txt; sourceTree = "<group>"; };
		55BFE66525D2200F00E2BB8C /* BodyTracking-Example.app */ = {isa = PBXFileReference; explicitFileType = wrapper.application; includeInIndex = 0; path = "BodyTracking-Example.app"; sourceTree = BUILT_PRODUCTS_DIR; };
		55BFE69325D2268B00E2BB8C /* Model.swift */ = {isa = PBXFileReference; fileEncoding = 4; lastKnownFileType = sourcecode.swift; path = Model.swift; sourceTree = "<group>"; };
		55BFE69425D2268B00E2BB8C /* Assets.xcassets */ = {isa = PBXFileReference; lastKnownFileType = folder.assetcatalog; path = Assets.xcassets; sourceTree = "<group>"; };
		55BFE69625D2268B00E2BB8C /* Preview Assets.xcassets */ = {isa = PBXFileReference; lastKnownFileType = folder.assetcatalog; path = "Preview Assets.xcassets"; sourceTree = "<group>"; };
		55BFE69825D2268B00E2BB8C /* ARSUIView3D.swift */ = {isa = PBXFileReference; fileEncoding = 4; lastKnownFileType = sourcecode.swift; path = ARSUIView3D.swift; sourceTree = "<group>"; };
		55BFE69925D2268B00E2BB8C /* AppDelegate.swift */ = {isa = PBXFileReference; fileEncoding = 4; lastKnownFileType = sourcecode.swift; path = AppDelegate.swift; sourceTree = "<group>"; };
		55BFE69A25D2268B00E2BB8C /* ContentView.swift */ = {isa = PBXFileReference; fileEncoding = 4; lastKnownFileType = sourcecode.swift; path = ContentView.swift; sourceTree = "<group>"; };
		55BFE69B25D2268B00E2BB8C /* Info.plist */ = {isa = PBXFileReference; fileEncoding = 4; lastKnownFileType = text.plist.xml; path = Info.plist; sourceTree = "<group>"; };
		55DFE043265480EC001A951B /* ARSUIViewFace.swift */ = {isa = PBXFileReference; fileEncoding = 4; lastKnownFileType = sourcecode.swift; path = ARSUIViewFace.swift; sourceTree = "<group>"; };
/* End PBXFileReference section */

/* Begin PBXFrameworksBuildPhase section */
		55BFE66225D2200F00E2BB8C /* Frameworks */ = {
			isa = PBXFrameworksBuildPhase;
			buildActionMask = 2147483647;
			files = (
				555EDE332A1E8031008A58E6 /* BodyTracking in Frameworks */,
			);
			runOnlyForDeploymentPostprocessing = 0;
		};
/* End PBXFrameworksBuildPhase section */

/* Begin PBXGroup section */
		551C19C2261250CE00530422 /* License */ = {
			isa = PBXGroup;
			children = (
				555EDE2D2A1E7F98008A58E6 /* LICENSE3.txt */,
				55BF5950261263B300E08319 /* LICENSE1.txt */,
				551C19CA261253B000530422 /* LICENSE2.txt */,
			);
			path = License;
			sourceTree = "<group>";
		};
		555EDE2F2A1E7FC7008A58E6 /* Packages */ = {
			isa = PBXGroup;
			children = (
				555EDE302A1E7FC7008A58E6 /* BodyTracking */,
			);
			name = Packages;
			sourceTree = "<group>";
		};
		555EDE312A1E8031008A58E6 /* Frameworks */ = {
			isa = PBXGroup;
			children = (
			);
			name = Frameworks;
			sourceTree = "<group>";
		};
		55600DD1263E8BBA00D0D54E /* Character */ = {
			isa = PBXGroup;
			children = (
				55600DCE263E8BB700D0D54E /* robotWhite.usdz */,
			);
			path = Character;
			sourceTree = "<group>";
		};
		55BFE65C25D2200F00E2BB8C = {
			isa = PBXGroup;
			children = (
				555EDE2F2A1E7FC7008A58E6 /* Packages */,
				55AA52012762C05600C9D0A8 /* LICENSE.md */,
				55BFE69225D2268B00E2BB8C /* BodyTracking-Example */,
				55BFE66625D2200F00E2BB8C /* Products */,
				555EDE312A1E8031008A58E6 /* Frameworks */,
			);
			sourceTree = "<group>";
		};
		55BFE66625D2200F00E2BB8C /* Products */ = {
			isa = PBXGroup;
			children = (
				55BFE66525D2200F00E2BB8C /* BodyTracking-Example.app */,
			);
			name = Products;
			sourceTree = "<group>";
		};
		55BFE69225D2268B00E2BB8C /* BodyTracking-Example */ = {
			isa = PBXGroup;
			children = (
				550F68DA2655F555003F2808 /* README.md */,
				55BFE69325D2268B00E2BB8C /* Model.swift */,
				55BFE69A25D2268B00E2BB8C /* ContentView.swift */,
				55DFE043265480EC001A951B /* ARSUIViewFace.swift */,
				55BFE69825D2268B00E2BB8C /* ARSUIView3D.swift */,
				55AFF6632612798200D05AE3 /* ARSUIView2D.swift */,
				553CCE77265469030073BA98 /* ARSUIViewHandTracking2D.swift */,
				552BC6AE281C795E008EC27F /* ARSUIViewHandTracking3D.swift */,
				55600DCB263E893900D0D54E /* ARSUIViewBodyTrackedEntity.swift */,
				55AE0829264C2DB800227F35 /* ARSUIViewPersonSegmentation.swift */,
				55AE082C264C2DCE00227F35 /* BodyARView.swift */,
				55BFE69925D2268B00E2BB8C /* AppDelegate.swift */,
				55600DD1263E8BBA00D0D54E /* Character */,
				55BFE69425D2268B00E2BB8C /* Assets.xcassets */,
				55BFE69B25D2268B00E2BB8C /* Info.plist */,
				551C19C2261250CE00530422 /* License */,
				55BFE69525D2268B00E2BB8C /* Preview Content */,
			);
			path = "BodyTracking-Example";
			sourceTree = "<group>";
		};
		55BFE69525D2268B00E2BB8C /* Preview Content */ = {
			isa = PBXGroup;
			children = (
				55BFE69625D2268B00E2BB8C /* Preview Assets.xcassets */,
			);
			path = "Preview Content";
			sourceTree = "<group>";
		};
/* End PBXGroup section */

/* Begin PBXNativeTarget section */
		55BFE66425D2200F00E2BB8C /* BodyTracking-Example */ = {
			isa = PBXNativeTarget;
			buildConfigurationList = 55BFE67625D2201000E2BB8C /* Build configuration list for PBXNativeTarget "BodyTracking-Example" */;
			buildPhases = (
				55BFE66125D2200F00E2BB8C /* Sources */,
				55BFE66225D2200F00E2BB8C /* Frameworks */,
				55BFE66325D2200F00E2BB8C /* Resources */,
			);
			buildRules = (
			);
			dependencies = (
			);
			name = "BodyTracking-Example";
			packageProductDependencies = (
				555EDE322A1E8031008A58E6 /* BodyTracking */,
			);
			productName = "Sound Localization";
			productReference = 55BFE66525D2200F00E2BB8C /* BodyTracking-Example.app */;
			productType = "com.apple.product-type.application";
		};
/* End PBXNativeTarget section */

/* Begin PBXProject section */
		55BFE65D25D2200F00E2BB8C /* Project object */ = {
			isa = PBXProject;
			attributes = {
				LastSwiftUpdateCheck = 1230;
				LastUpgradeCheck = 1230;
				TargetAttributes = {
					55BFE66425D2200F00E2BB8C = {
						CreatedOnToolsVersion = 12.3;
					};
				};
			};
			buildConfigurationList = 55BFE66025D2200F00E2BB8C /* Build configuration list for PBXProject "BodyTracking-Example" */;
			compatibilityVersion = "Xcode 9.3";
			developmentRegion = en;
			hasScannedForEncodings = 0;
			knownRegions = (
				en,
				Base,
			);
			mainGroup = 55BFE65C25D2200F00E2BB8C;
			productRefGroup = 55BFE66625D2200F00E2BB8C /* Products */;
			projectDirPath = "";
			projectRoot = "";
			targets = (
				55BFE66425D2200F00E2BB8C /* BodyTracking-Example */,
			);
		};
/* End PBXProject section */

/* Begin PBXResourcesBuildPhase section */
		55BFE66325D2200F00E2BB8C /* Resources */ = {
			isa = PBXResourcesBuildPhase;
			buildActionMask = 2147483647;
			files = (
				55BFE69E25D2268B00E2BB8C /* Preview Assets.xcassets in Resources */,
				55BF5951261263B300E08319 /* LICENSE1.txt in Resources */,
				550F68DB2655F555003F2808 /* README.md in Resources */,
				55AA52022762C05600C9D0A8 /* LICENSE.md in Resources */,
				551C19CB261253B000530422 /* LICENSE2.txt in Resources */,
				55600DCF263E8BB700D0D54E /* robotWhite.usdz in Resources */,
				55BFE69D25D2268B00E2BB8C /* Assets.xcassets in Resources */,
				555EDE2E2A1E7F98008A58E6 /* LICENSE3.txt in Resources */,
			);
			runOnlyForDeploymentPostprocessing = 0;
		};
/* End PBXResourcesBuildPhase section */

/* Begin PBXSourcesBuildPhase section */
		55BFE66125D2200F00E2BB8C /* Sources */ = {
			isa = PBXSourcesBuildPhase;
			buildActionMask = 2147483647;
			files = (
				55BFE6A125D2268B00E2BB8C /* AppDelegate.swift in Sources */,
				55BFE6A225D2268B00E2BB8C /* ContentView.swift in Sources */,
				55AE082D264C2DCE00227F35 /* BodyARView.swift in Sources */,
				55AFF6642612798200D05AE3 /* ARSUIView2D.swift in Sources */,
				55600DCC263E893900D0D54E /* ARSUIViewBodyTrackedEntity.swift in Sources */,
				55BFE69C25D2268B00E2BB8C /* Model.swift in Sources */,
				552BC6AF281C795E008EC27F /* ARSUIViewHandTracking3D.swift in Sources */,
				553CCE78265469030073BA98 /* ARSUIViewHandTracking2D.swift in Sources */,
				55AE082A264C2DB800227F35 /* ARSUIViewPersonSegmentation.swift in Sources */,
				55DFE044265480EC001A951B /* ARSUIViewFace.swift in Sources */,
				55BFE6A025D2268B00E2BB8C /* ARSUIView3D.swift in Sources */,
			);
			runOnlyForDeploymentPostprocessing = 0;
		};
/* End PBXSourcesBuildPhase section */

/* Begin XCBuildConfiguration section */
		55BFE67425D2201000E2BB8C /* Debug */ = {
			isa = XCBuildConfiguration;
			buildSettings = {
				ALWAYS_SEARCH_USER_PATHS = NO;
				CLANG_ANALYZER_NONNULL = YES;
				CLANG_ANALYZER_NUMBER_OBJECT_CONVERSION = YES_AGGRESSIVE;
				CLANG_CXX_LANGUAGE_STANDARD = "gnu++14";
				CLANG_CXX_LIBRARY = "libc++";
				CLANG_ENABLE_MODULES = YES;
				CLANG_ENABLE_OBJC_ARC = YES;
				CLANG_ENABLE_OBJC_WEAK = YES;
				CLANG_WARN_BLOCK_CAPTURE_AUTORELEASING = YES;
				CLANG_WARN_BOOL_CONVERSION = YES;
				CLANG_WARN_COMMA = YES;
				CLANG_WARN_CONSTANT_CONVERSION = YES;
				CLANG_WARN_DEPRECATED_OBJC_IMPLEMENTATIONS = YES;
				CLANG_WARN_DIRECT_OBJC_ISA_USAGE = YES_ERROR;
				CLANG_WARN_DOCUMENTATION_COMMENTS = YES;
				CLANG_WARN_EMPTY_BODY = YES;
				CLANG_WARN_ENUM_CONVERSION = YES;
				CLANG_WARN_INFINITE_RECURSION = YES;
				CLANG_WARN_INT_CONVERSION = YES;
				CLANG_WARN_NON_LITERAL_NULL_CONVERSION = YES;
				CLANG_WARN_OBJC_IMPLICIT_RETAIN_SELF = YES;
				CLANG_WARN_OBJC_LITERAL_CONVERSION = YES;
				CLANG_WARN_OBJC_ROOT_CLASS = YES_ERROR;
				CLANG_WARN_QUOTED_INCLUDE_IN_FRAMEWORK_HEADER = YES;
				CLANG_WARN_RANGE_LOOP_ANALYSIS = YES;
				CLANG_WARN_STRICT_PROTOTYPES = YES;
				CLANG_WARN_SUSPICIOUS_MOVE = YES;
				CLANG_WARN_UNGUARDED_AVAILABILITY = YES_AGGRESSIVE;
				CLANG_WARN_UNREACHABLE_CODE = YES;
				CLANG_WARN__DUPLICATE_METHOD_MATCH = YES;
				COPY_PHASE_STRIP = NO;
				DEBUG_INFORMATION_FORMAT = dwarf;
				ENABLE_STRICT_OBJC_MSGSEND = YES;
				ENABLE_TESTABILITY = YES;
				GCC_C_LANGUAGE_STANDARD = gnu11;
				GCC_DYNAMIC_NO_PIC = NO;
				GCC_NO_COMMON_BLOCKS = YES;
				GCC_OPTIMIZATION_LEVEL = 0;
				GCC_PREPROCESSOR_DEFINITIONS = (
					"DEBUG=1",
					"$(inherited)",
				);
				GCC_WARN_64_TO_32_BIT_CONVERSION = YES;
				GCC_WARN_ABOUT_RETURN_TYPE = YES_ERROR;
				GCC_WARN_UNDECLARED_SELECTOR = YES;
				GCC_WARN_UNINITIALIZED_AUTOS = YES_AGGRESSIVE;
				GCC_WARN_UNUSED_FUNCTION = YES;
				GCC_WARN_UNUSED_VARIABLE = YES;
				IPHONEOS_DEPLOYMENT_TARGET = 14.0;
				MTL_ENABLE_DEBUG_INFO = INCLUDE_SOURCE;
				MTL_FAST_MATH = YES;
				ONLY_ACTIVE_ARCH = YES;
				SDKROOT = iphoneos;
				SWIFT_ACTIVE_COMPILATION_CONDITIONS = DEBUG;
				SWIFT_OPTIMIZATION_LEVEL = "-Onone";
			};
			name = Debug;
		};
		55BFE67525D2201000E2BB8C /* Release */ = {
			isa = XCBuildConfiguration;
			buildSettings = {
				ALWAYS_SEARCH_USER_PATHS = NO;
				CLANG_ANALYZER_NONNULL = YES;
				CLANG_ANALYZER_NUMBER_OBJECT_CONVERSION = YES_AGGRESSIVE;
				CLANG_CXX_LANGUAGE_STANDARD = "gnu++14";
				CLANG_CXX_LIBRARY = "libc++";
				CLANG_ENABLE_MODULES = YES;
				CLANG_ENABLE_OBJC_ARC = YES;
				CLANG_ENABLE_OBJC_WEAK = YES;
				CLANG_WARN_BLOCK_CAPTURE_AUTORELEASING = YES;
				CLANG_WARN_BOOL_CONVERSION = YES;
				CLANG_WARN_COMMA = YES;
				CLANG_WARN_CONSTANT_CONVERSION = YES;
				CLANG_WARN_DEPRECATED_OBJC_IMPLEMENTATIONS = YES;
				CLANG_WARN_DIRECT_OBJC_ISA_USAGE = YES_ERROR;
				CLANG_WARN_DOCUMENTATION_COMMENTS = YES;
				CLANG_WARN_EMPTY_BODY = YES;
				CLANG_WARN_ENUM_CONVERSION = YES;
				CLANG_WARN_INFINITE_RECURSION = YES;
				CLANG_WARN_INT_CONVERSION = YES;
				CLANG_WARN_NON_LITERAL_NULL_CONVERSION = YES;
				CLANG_WARN_OBJC_IMPLICIT_RETAIN_SELF = YES;
				CLANG_WARN_OBJC_LITERAL_CONVERSION = YES;
				CLANG_WARN_OBJC_ROOT_CLASS = YES_ERROR;
				CLANG_WARN_QUOTED_INCLUDE_IN_FRAMEWORK_HEADER = YES;
				CLANG_WARN_RANGE_LOOP_ANALYSIS = YES;
				CLANG_WARN_STRICT_PROTOTYPES = YES;
				CLANG_WARN_SUSPICIOUS_MOVE = YES;
				CLANG_WARN_UNGUARDED_AVAILABILITY = YES_AGGRESSIVE;
				CLANG_WARN_UNREACHABLE_CODE = YES;
				CLANG_WARN__DUPLICATE_METHOD_MATCH = YES;
				COPY_PHASE_STRIP = NO;
				DEBUG_INFORMATION_FORMAT = "dwarf-with-dsym";
				ENABLE_NS_ASSERTIONS = NO;
				ENABLE_STRICT_OBJC_MSGSEND = YES;
				GCC_C_LANGUAGE_STANDARD = gnu11;
				GCC_NO_COMMON_BLOCKS = YES;
				GCC_WARN_64_TO_32_BIT_CONVERSION = YES;
				GCC_WARN_ABOUT_RETURN_TYPE = YES_ERROR;
				GCC_WARN_UNDECLARED_SELECTOR = YES;
				GCC_WARN_UNINITIALIZED_AUTOS = YES_AGGRESSIVE;
				GCC_WARN_UNUSED_FUNCTION = YES;
				GCC_WARN_UNUSED_VARIABLE = YES;
				IPHONEOS_DEPLOYMENT_TARGET = 14.0;
				MTL_ENABLE_DEBUG_INFO = NO;
				MTL_FAST_MATH = YES;
				SDKROOT = iphoneos;
				SWIFT_COMPILATION_MODE = wholemodule;
				SWIFT_OPTIMIZATION_LEVEL = "-O";
				VALIDATE_PRODUCT = YES;
			};
			name = Release;
		};
		55BFE67725D2201000E2BB8C /* Debug */ = {
			isa = XCBuildConfiguration;
			buildSettings = {
				ASSETCATALOG_COMPILER_APPICON_NAME = AppIcon;
				ASSETCATALOG_COMPILER_GLOBAL_ACCENT_COLOR_NAME = AccentColor;
				CODE_SIGN_STYLE = Automatic;
				DEVELOPMENT_ASSET_PATHS = "\"BodyTracking-Example/Preview Content\"";
				DEVELOPMENT_TEAM = 9792AFNZU9;
				ENABLE_PREVIEWS = YES;
				INFOPLIST_FILE = "BodyTracking-Example/Info.plist";
				IPHONEOS_DEPLOYMENT_TARGET = 15.0;
				LD_RUNPATH_SEARCH_PATHS = (
					"$(inherited)",
					"@executable_path/Frameworks",
				);
				PRODUCT_BUNDLE_IDENTIFIER = com.GJ.BodyEntityExample;
				PRODUCT_NAME = "$(TARGET_NAME)";
				SWIFT_VERSION = 5.0;
				TARGETED_DEVICE_FAMILY = "1,2";
			};
			name = Debug;
		};
		55BFE67825D2201000E2BB8C /* Release */ = {
			isa = XCBuildConfiguration;
			buildSettings = {
				ASSETCATALOG_COMPILER_APPICON_NAME = AppIcon;
				ASSETCATALOG_COMPILER_GLOBAL_ACCENT_COLOR_NAME = AccentColor;
				CODE_SIGN_STYLE = Automatic;
				DEVELOPMENT_ASSET_PATHS = "\"BodyTracking-Example/Preview Content\"";
				DEVELOPMENT_TEAM = 9792AFNZU9;
				ENABLE_PREVIEWS = YES;
				INFOPLIST_FILE = "BodyTracking-Example/Info.plist";
				IPHONEOS_DEPLOYMENT_TARGET = 15.0;
				LD_RUNPATH_SEARCH_PATHS = (
					"$(inherited)",
					"@executable_path/Frameworks",
				);
				PRODUCT_BUNDLE_IDENTIFIER = com.GJ.BodyEntityExample;
				PRODUCT_NAME = "$(TARGET_NAME)";
				SWIFT_VERSION = 5.0;
				TARGETED_DEVICE_FAMILY = "1,2";
			};
			name = Release;
		};
/* End XCBuildConfiguration section */

/* Begin XCConfigurationList section */
		55BFE66025D2200F00E2BB8C /* Build configuration list for PBXProject "BodyTracking-Example" */ = {
			isa = XCConfigurationList;
			buildConfigurations = (
				55BFE67425D2201000E2BB8C /* Debug */,
				55BFE67525D2201000E2BB8C /* Release */,
			);
			defaultConfigurationIsVisible = 0;
			defaultConfigurationName = Release;
		};
		55BFE67625D2201000E2BB8C /* Build configuration list for PBXNativeTarget "BodyTracking-Example" */ = {
			isa = XCConfigurationList;
			buildConfigurations = (
				55BFE67725D2201000E2BB8C /* Debug */,
				55BFE67825D2201000E2BB8C /* Release */,
			);
			defaultConfigurationIsVisible = 0;
			defaultConfigurationName = Release;
		};
/* End XCConfigurationList section */

/* Begin XCSwiftPackageProductDependency section */
		555EDE322A1E8031008A58E6 /* BodyTracking */ = {
			isa = XCSwiftPackageProductDependency;
			productName = BodyTracking;
		};
/* End XCSwiftPackageProductDependency section */
	};
	rootObject = 55BFE65D25D2200F00E2BB8C /* Project object */;
}
